
Microsoft Visual Studio Solution File, Format Version 12.00
# Visual Studio 2013
VisualStudioVersion = 12.0.30723.0
MinimumVisualStudioVersion = 10.0.40219.1
Project("{E24C65DC-7377-472B-9ABA-BC803B73C61A}") = "BootstrapWeb(1)", "http://localhost:50759", "{2EA92A9D-6DEF-473A-B5C0-38595B8F824F}"
	ProjectSection(WebsiteProperties) = preProject
		UseIISExpress = "true"
		TargetFrameworkMoniker = ".NETFramework,Version%3Dv4.5"
		Debug.AspNetCompiler.VirtualPath = "/localhost_50759"
		Debug.AspNetCompiler.PhysicalPath = "..\BootstrapWeb\"
		Debug.AspNetCompiler.TargetPath = "PrecompiledWeb\localhost_50759\"
		Debug.AspNetCompiler.Updateable = "true"
		Debug.AspNetCompiler.ForceOverwrite = "true"
		Debug.AspNetCompiler.FixedNames = "false"
		Debug.AspNetCompiler.Debug = "True"
		Release.AspNetCompiler.VirtualPath = "/localhost_50759"
		Release.AspNetCompiler.PhysicalPath = "..\BootstrapWeb\"
		Release.AspNetCompiler.TargetPath = "PrecompiledWeb\localhost_50759\"
		Release.AspNetCompiler.Updateable = "true"
		Release.AspNetCompiler.ForceOverwrite = "true"
		Release.AspNetCompiler.FixedNames = "false"
		Release.AspNetCompiler.Debug = "False"
		SlnRelativePath = "..\BootstrapWeb\"
	EndProjectSection
EndProject
Global
	GlobalSection(SolutionConfigurationPlatforms) = preSolution
		Debug|Any CPU = Debug|Any CPU
	EndGlobalSection
	GlobalSection(ProjectConfigurationPlatforms) = postSolution
		{2EA92A9D-6DEF-473A-B5C0-38595B8F824F}.Debug|Any CPU.ActiveCfg = Debug|Any CPU
		{2EA92A9D-6DEF-473A-B5C0-38595B8F824F}.Debug|Any CPU.Build.0 = Debug|Any CPU
	EndGlobalSection
	GlobalSection(SolutionProperties) = preSolution
		HideSolutionNode = FALSE
	EndGlobalSection
EndGlobal
