
Microsoft Visual Studio Solution File, Format Version 12.00
# Visual Studio 15
VisualStudioVersion = 15.0.26430.16
MinimumVisualStudioVersion = 10.0.40219.1
Project("{2150E333-8FDC-42A3-9474-1A3956D46DE8}") = "PL", "PL", "{55CAE381-4998-4457-807C-BC7A975CE771}"
EndProject
Project("{2150E333-8FDC-42A3-9474-1A3956D46DE8}") = "DL", "DL", "{4AE1D96A-F250-412B-9FD0-AAB2F29520EA}"
EndProject
Project("{2150E333-8FDC-42A3-9474-1A3956D46DE8}") = "BL", "BL", "{A70F4C05-F336-4409-9C76-90E94AC12AE7}"
EndProject
Project("{2150E333-8FDC-42A3-9474-1A3956D46DE8}") = "DAL", "DAL", "{21D4225C-4CF8-4B11-9AE5-B77ECAA18053}"
EndProject
Project("{2150E333-8FDC-42A3-9474-1A3956D46DE8}") = "SL", "SL", "{2C0F6339-66A1-4116-8D54-DAF2A1564500}"
EndProject
Project("{2150E333-8FDC-42A3-9474-1A3956D46DE8}") = "Web", "Web", "{3957E7F6-E74F-4970-87EC-FD6018B934F3}"
EndProject
Project("{FAE04EC0-301F-11D3-BF4B-00C04F79EFBC}") = "NetMvcClient", "PL\Web\NetMvcClient\NetMvcClient.csproj", "{72049C3E-C792-4D0F-B575-447980AD7731}"
EndProject
Project("{FAE04EC0-301F-11D3-BF4B-00C04F79EFBC}") = "Models", "DL\Models\Models.csproj", "{2496E48B-2E50-4DDB-9AD3-0FCBF5FE0113}"
EndProject
Project("{FAE04EC0-301F-11D3-BF4B-00C04F79EFBC}") = "Interfaces", "DL\Interfaces\Interfaces.csproj", "{AB8D845F-8995-491C-8C16-7BD641658F22}"
EndProject
Project("{FAE04EC0-301F-11D3-BF4B-00C04F79EFBC}") = "BusinessLogic", "BL\BusinessLogic\BusinessLogic.csproj", "{6DA0EC97-D7C9-4E4D-9223-78520CA92DE6}"
EndProject
Project("{FAE04EC0-301F-11D3-BF4B-00C04F79EFBC}") = "DataAccess", "DAL\DataAccess\DataAccess.csproj", "{E6F1E4EF-2403-41CC-8035-0879EE3AD500}"
EndProject
Project("{2150E333-8FDC-42A3-9474-1A3956D46DE8}") = "Mobile", "Mobile", "{FEF3F032-5FA3-4A36-8311-DE1D908D7CE0}"
EndProject
Project("{FAE04EC0-301F-11D3-BF4B-00C04F79EFBC}") = "UwpClient", "PL\Mobile\UwpClient\UwpClient.csproj", "{40AFF894-9128-45A4-B316-B567D08C4EA1}"
EndProject
Project("{FAE04EC0-301F-11D3-BF4B-00C04F79EFBC}") = "Core", "PL\Mobile\Core\Core.csproj", "{DF1AF6E7-B345-4A1A-A607-E91B78FAC34F}"
EndProject
Global
	GlobalSection(SolutionConfigurationPlatforms) = preSolution
		Debug|Any CPU = Debug|Any CPU
		Debug|ARM = Debug|ARM
		Debug|x64 = Debug|x64
		Debug|x86 = Debug|x86
		Release|Any CPU = Release|Any CPU
		Release|ARM = Release|ARM
		Release|x64 = Release|x64
		Release|x86 = Release|x86
	EndGlobalSection
	GlobalSection(ProjectConfigurationPlatforms) = postSolution
		{72049C3E-C792-4D0F-B575-447980AD7731}.Debug|Any CPU.ActiveCfg = Debug|Any CPU
		{72049C3E-C792-4D0F-B575-447980AD7731}.Debug|Any CPU.Build.0 = Debug|Any CPU
		{72049C3E-C792-4D0F-B575-447980AD7731}.Debug|ARM.ActiveCfg = Debug|Any CPU
		{72049C3E-C792-4D0F-B575-447980AD7731}.Debug|ARM.Build.0 = Debug|Any CPU
		{72049C3E-C792-4D0F-B575-447980AD7731}.Debug|x64.ActiveCfg = Debug|Any CPU
		{72049C3E-C792-4D0F-B575-447980AD7731}.Debug|x64.Build.0 = Debug|Any CPU
		{72049C3E-C792-4D0F-B575-447980AD7731}.Debug|x86.ActiveCfg = Debug|Any CPU
		{72049C3E-C792-4D0F-B575-447980AD7731}.Debug|x86.Build.0 = Debug|Any CPU
		{72049C3E-C792-4D0F-B575-447980AD7731}.Release|Any CPU.ActiveCfg = Release|Any CPU
		{72049C3E-C792-4D0F-B575-447980AD7731}.Release|Any CPU.Build.0 = Release|Any CPU
		{72049C3E-C792-4D0F-B575-447980AD7731}.Release|ARM.ActiveCfg = Release|Any CPU
		{72049C3E-C792-4D0F-B575-447980AD7731}.Release|ARM.Build.0 = Release|Any CPU
		{72049C3E-C792-4D0F-B575-447980AD7731}.Release|x64.ActiveCfg = Release|Any CPU
		{72049C3E-C792-4D0F-B575-447980AD7731}.Release|x64.Build.0 = Release|Any CPU
		{72049C3E-C792-4D0F-B575-447980AD7731}.Release|x86.ActiveCfg = Release|Any CPU
		{72049C3E-C792-4D0F-B575-447980AD7731}.Release|x86.Build.0 = Release|Any CPU
		{2496E48B-2E50-4DDB-9AD3-0FCBF5FE0113}.Debug|Any CPU.ActiveCfg = Debug|Any CPU
		{2496E48B-2E50-4DDB-9AD3-0FCBF5FE0113}.Debug|Any CPU.Build.0 = Debug|Any CPU
		{2496E48B-2E50-4DDB-9AD3-0FCBF5FE0113}.Debug|ARM.ActiveCfg = Debug|Any CPU
		{2496E48B-2E50-4DDB-9AD3-0FCBF5FE0113}.Debug|ARM.Build.0 = Debug|Any CPU
		{2496E48B-2E50-4DDB-9AD3-0FCBF5FE0113}.Debug|x64.ActiveCfg = Debug|Any CPU
		{2496E48B-2E50-4DDB-9AD3-0FCBF5FE0113}.Debug|x64.Build.0 = Debug|Any CPU
		{2496E48B-2E50-4DDB-9AD3-0FCBF5FE0113}.Debug|x86.ActiveCfg = Debug|Any CPU
		{2496E48B-2E50-4DDB-9AD3-0FCBF5FE0113}.Debug|x86.Build.0 = Debug|Any CPU
		{2496E48B-2E50-4DDB-9AD3-0FCBF5FE0113}.Release|Any CPU.ActiveCfg = Release|Any CPU
		{2496E48B-2E50-4DDB-9AD3-0FCBF5FE0113}.Release|Any CPU.Build.0 = Release|Any CPU
		{2496E48B-2E50-4DDB-9AD3-0FCBF5FE0113}.Release|ARM.ActiveCfg = Release|Any CPU
		{2496E48B-2E50-4DDB-9AD3-0FCBF5FE0113}.Release|ARM.Build.0 = Release|Any CPU
		{2496E48B-2E50-4DDB-9AD3-0FCBF5FE0113}.Release|x64.ActiveCfg = Release|Any CPU
		{2496E48B-2E50-4DDB-9AD3-0FCBF5FE0113}.Release|x64.Build.0 = Release|Any CPU
		{2496E48B-2E50-4DDB-9AD3-0FCBF5FE0113}.Release|x86.ActiveCfg = Release|Any CPU
		{2496E48B-2E50-4DDB-9AD3-0FCBF5FE0113}.Release|x86.Build.0 = Release|Any CPU
		{AB8D845F-8995-491C-8C16-7BD641658F22}.Debug|Any CPU.ActiveCfg = Debug|Any CPU
		{AB8D845F-8995-491C-8C16-7BD641658F22}.Debug|Any CPU.Build.0 = Debug|Any CPU
		{AB8D845F-8995-491C-8C16-7BD641658F22}.Debug|ARM.ActiveCfg = Debug|Any CPU
		{AB8D845F-8995-491C-8C16-7BD641658F22}.Debug|ARM.Build.0 = Debug|Any CPU
		{AB8D845F-8995-491C-8C16-7BD641658F22}.Debug|x64.ActiveCfg = Debug|Any CPU
		{AB8D845F-8995-491C-8C16-7BD641658F22}.Debug|x64.Build.0 = Debug|Any CPU
		{AB8D845F-8995-491C-8C16-7BD641658F22}.Debug|x86.ActiveCfg = Debug|Any CPU
		{AB8D845F-8995-491C-8C16-7BD641658F22}.Debug|x86.Build.0 = Debug|Any CPU
		{AB8D845F-8995-491C-8C16-7BD641658F22}.Release|Any CPU.ActiveCfg = Release|Any CPU
		{AB8D845F-8995-491C-8C16-7BD641658F22}.Release|Any CPU.Build.0 = Release|Any CPU
		{AB8D845F-8995-491C-8C16-7BD641658F22}.Release|ARM.ActiveCfg = Release|Any CPU
		{AB8D845F-8995-491C-8C16-7BD641658F22}.Release|ARM.Build.0 = Release|Any CPU
		{AB8D845F-8995-491C-8C16-7BD641658F22}.Release|x64.ActiveCfg = Release|Any CPU
		{AB8D845F-8995-491C-8C16-7BD641658F22}.Release|x64.Build.0 = Release|Any CPU
		{AB8D845F-8995-491C-8C16-7BD641658F22}.Release|x86.ActiveCfg = Release|Any CPU
		{AB8D845F-8995-491C-8C16-7BD641658F22}.Release|x86.Build.0 = Release|Any CPU
		{6DA0EC97-D7C9-4E4D-9223-78520CA92DE6}.Debug|Any CPU.ActiveCfg = Debug|Any CPU
		{6DA0EC97-D7C9-4E4D-9223-78520CA92DE6}.Debug|Any CPU.Build.0 = Debug|Any CPU
		{6DA0EC97-D7C9-4E4D-9223-78520CA92DE6}.Debug|ARM.ActiveCfg = Debug|Any CPU
		{6DA0EC97-D7C9-4E4D-9223-78520CA92DE6}.Debug|ARM.Build.0 = Debug|Any CPU
		{6DA0EC97-D7C9-4E4D-9223-78520CA92DE6}.Debug|x64.ActiveCfg = Debug|Any CPU
		{6DA0EC97-D7C9-4E4D-9223-78520CA92DE6}.Debug|x64.Build.0 = Debug|Any CPU
		{6DA0EC97-D7C9-4E4D-9223-78520CA92DE6}.Debug|x86.ActiveCfg = Debug|Any CPU
		{6DA0EC97-D7C9-4E4D-9223-78520CA92DE6}.Debug|x86.Build.0 = Debug|Any CPU
		{6DA0EC97-D7C9-4E4D-9223-78520CA92DE6}.Release|Any CPU.ActiveCfg = Release|Any CPU
		{6DA0EC97-D7C9-4E4D-9223-78520CA92DE6}.Release|Any CPU.Build.0 = Release|Any CPU
		{6DA0EC97-D7C9-4E4D-9223-78520CA92DE6}.Release|ARM.ActiveCfg = Release|Any CPU
		{6DA0EC97-D7C9-4E4D-9223-78520CA92DE6}.Release|ARM.Build.0 = Release|Any CPU
		{6DA0EC97-D7C9-4E4D-9223-78520CA92DE6}.Release|x64.ActiveCfg = Release|Any CPU
		{6DA0EC97-D7C9-4E4D-9223-78520CA92DE6}.Release|x64.Build.0 = Release|Any CPU
		{6DA0EC97-D7C9-4E4D-9223-78520CA92DE6}.Release|x86.ActiveCfg = Release|Any CPU
		{6DA0EC97-D7C9-4E4D-9223-78520CA92DE6}.Release|x86.Build.0 = Release|Any CPU
		{E6F1E4EF-2403-41CC-8035-0879EE3AD500}.Debug|Any CPU.ActiveCfg = Debug|Any CPU
		{E6F1E4EF-2403-41CC-8035-0879EE3AD500}.Debug|Any CPU.Build.0 = Debug|Any CPU
		{E6F1E4EF-2403-41CC-8035-0879EE3AD500}.Debug|ARM.ActiveCfg = Debug|Any CPU
		{E6F1E4EF-2403-41CC-8035-0879EE3AD500}.Debug|ARM.Build.0 = Debug|Any CPU
		{E6F1E4EF-2403-41CC-8035-0879EE3AD500}.Debug|x64.ActiveCfg = Debug|Any CPU
		{E6F1E4EF-2403-41CC-8035-0879EE3AD500}.Debug|x64.Build.0 = Debug|Any CPU
		{E6F1E4EF-2403-41CC-8035-0879EE3AD500}.Debug|x86.ActiveCfg = Debug|Any CPU
		{E6F1E4EF-2403-41CC-8035-0879EE3AD500}.Debug|x86.Build.0 = Debug|Any CPU
		{E6F1E4EF-2403-41CC-8035-0879EE3AD500}.Release|Any CPU.ActiveCfg = Release|Any CPU
		{E6F1E4EF-2403-41CC-8035-0879EE3AD500}.Release|Any CPU.Build.0 = Release|Any CPU
		{E6F1E4EF-2403-41CC-8035-0879EE3AD500}.Release|ARM.ActiveCfg = Release|Any CPU
		{E6F1E4EF-2403-41CC-8035-0879EE3AD500}.Release|ARM.Build.0 = Release|Any CPU
		{E6F1E4EF-2403-41CC-8035-0879EE3AD500}.Release|x64.ActiveCfg = Release|Any CPU
		{E6F1E4EF-2403-41CC-8035-0879EE3AD500}.Release|x64.Build.0 = Release|Any CPU
		{E6F1E4EF-2403-41CC-8035-0879EE3AD500}.Release|x86.ActiveCfg = Release|Any CPU
		{E6F1E4EF-2403-41CC-8035-0879EE3AD500}.Release|x86.Build.0 = Release|Any CPU
		{40AFF894-9128-45A4-B316-B567D08C4EA1}.Debug|Any CPU.ActiveCfg = Debug|x86
		{40AFF894-9128-45A4-B316-B567D08C4EA1}.Debug|Any CPU.Build.0 = Debug|x86
		{40AFF894-9128-45A4-B316-B567D08C4EA1}.Debug|Any CPU.Deploy.0 = Debug|x86
		{40AFF894-9128-45A4-B316-B567D08C4EA1}.Debug|ARM.ActiveCfg = Debug|ARM
		{40AFF894-9128-45A4-B316-B567D08C4EA1}.Debug|ARM.Build.0 = Debug|ARM
		{40AFF894-9128-45A4-B316-B567D08C4EA1}.Debug|ARM.Deploy.0 = Debug|ARM
		{40AFF894-9128-45A4-B316-B567D08C4EA1}.Debug|x64.ActiveCfg = Debug|x64
		{40AFF894-9128-45A4-B316-B567D08C4EA1}.Debug|x64.Build.0 = Debug|x64
		{40AFF894-9128-45A4-B316-B567D08C4EA1}.Debug|x64.Deploy.0 = Debug|x64
		{40AFF894-9128-45A4-B316-B567D08C4EA1}.Debug|x86.ActiveCfg = Debug|x86
		{40AFF894-9128-45A4-B316-B567D08C4EA1}.Debug|x86.Build.0 = Debug|x86
		{40AFF894-9128-45A4-B316-B567D08C4EA1}.Debug|x86.Deploy.0 = Debug|x86
		{40AFF894-9128-45A4-B316-B567D08C4EA1}.Release|Any CPU.ActiveCfg = Release|x86
		{40AFF894-9128-45A4-B316-B567D08C4EA1}.Release|ARM.ActiveCfg = Release|ARM
		{40AFF894-9128-45A4-B316-B567D08C4EA1}.Release|ARM.Build.0 = Release|ARM
		{40AFF894-9128-45A4-B316-B567D08C4EA1}.Release|ARM.Deploy.0 = Release|ARM
		{40AFF894-9128-45A4-B316-B567D08C4EA1}.Release|x64.ActiveCfg = Release|x64
		{40AFF894-9128-45A4-B316-B567D08C4EA1}.Release|x64.Build.0 = Release|x64
		{40AFF894-9128-45A4-B316-B567D08C4EA1}.Release|x64.Deploy.0 = Release|x64
		{40AFF894-9128-45A4-B316-B567D08C4EA1}.Release|x86.ActiveCfg = Release|x86
		{40AFF894-9128-45A4-B316-B567D08C4EA1}.Release|x86.Build.0 = Release|x86
		{40AFF894-9128-45A4-B316-B567D08C4EA1}.Release|x86.Deploy.0 = Release|x86
		{DF1AF6E7-B345-4A1A-A607-E91B78FAC34F}.Debug|Any CPU.ActiveCfg = Debug|Any CPU
		{DF1AF6E7-B345-4A1A-A607-E91B78FAC34F}.Debug|Any CPU.Build.0 = Debug|Any CPU
		{DF1AF6E7-B345-4A1A-A607-E91B78FAC34F}.Debug|ARM.ActiveCfg = Debug|Any CPU
		{DF1AF6E7-B345-4A1A-A607-E91B78FAC34F}.Debug|ARM.Build.0 = Debug|Any CPU
		{DF1AF6E7-B345-4A1A-A607-E91B78FAC34F}.Debug|x64.ActiveCfg = Debug|Any CPU
		{DF1AF6E7-B345-4A1A-A607-E91B78FAC34F}.Debug|x64.Build.0 = Debug|Any CPU
		{DF1AF6E7-B345-4A1A-A607-E91B78FAC34F}.Debug|x86.ActiveCfg = Debug|Any CPU
		{DF1AF6E7-B345-4A1A-A607-E91B78FAC34F}.Debug|x86.Build.0 = Debug|Any CPU
		{DF1AF6E7-B345-4A1A-A607-E91B78FAC34F}.Release|Any CPU.ActiveCfg = Release|Any CPU
		{DF1AF6E7-B345-4A1A-A607-E91B78FAC34F}.Release|Any CPU.Build.0 = Release|Any CPU
		{DF1AF6E7-B345-4A1A-A607-E91B78FAC34F}.Release|ARM.ActiveCfg = Release|Any CPU
		{DF1AF6E7-B345-4A1A-A607-E91B78FAC34F}.Release|ARM.Build.0 = Release|Any CPU
		{DF1AF6E7-B345-4A1A-A607-E91B78FAC34F}.Release|x64.ActiveCfg = Release|Any CPU
		{DF1AF6E7-B345-4A1A-A607-E91B78FAC34F}.Release|x64.Build.0 = Release|Any CPU
		{DF1AF6E7-B345-4A1A-A607-E91B78FAC34F}.Release|x86.ActiveCfg = Release|Any CPU
		{DF1AF6E7-B345-4A1A-A607-E91B78FAC34F}.Release|x86.Build.0 = Release|Any CPU
	EndGlobalSection
	GlobalSection(SolutionProperties) = preSolution
		HideSolutionNode = FALSE
	EndGlobalSection
	GlobalSection(NestedProjects) = preSolution
		{3957E7F6-E74F-4970-87EC-FD6018B934F3} = {55CAE381-4998-4457-807C-BC7A975CE771}
		{72049C3E-C792-4D0F-B575-447980AD7731} = {3957E7F6-E74F-4970-87EC-FD6018B934F3}
		{2496E48B-2E50-4DDB-9AD3-0FCBF5FE0113} = {4AE1D96A-F250-412B-9FD0-AAB2F29520EA}
		{AB8D845F-8995-491C-8C16-7BD641658F22} = {4AE1D96A-F250-412B-9FD0-AAB2F29520EA}
		{6DA0EC97-D7C9-4E4D-9223-78520CA92DE6} = {A70F4C05-F336-4409-9C76-90E94AC12AE7}
		{E6F1E4EF-2403-41CC-8035-0879EE3AD500} = {21D4225C-4CF8-4B11-9AE5-B77ECAA18053}
		{FEF3F032-5FA3-4A36-8311-DE1D908D7CE0} = {55CAE381-4998-4457-807C-BC7A975CE771}
		{40AFF894-9128-45A4-B316-B567D08C4EA1} = {FEF3F032-5FA3-4A36-8311-DE1D908D7CE0}
		{DF1AF6E7-B345-4A1A-A607-E91B78FAC34F} = {FEF3F032-5FA3-4A36-8311-DE1D908D7CE0}
	EndGlobalSection
EndGlobal
