
Microsoft Visual Studio Solution File, Format Version 12.00
# Visual Studio 15
VisualStudioVersion = 15.0.27130.2024
MinimumVisualStudioVersion = 10.0.40219.1
Project("{FAE04EC0-301F-11D3-BF4B-00C04F79EFBC}") = "DI_SimpleContainer", "DI_SimpleContainer\DI_SimpleContainer.csproj", "{5BD20447-ACB8-452D-B939-74DCC014DCEA}"
EndProject
Global
	GlobalSection(SolutionConfigurationPlatforms) = preSolution
		Debug|Any CPU = Debug|Any CPU
		Release|Any CPU = Release|Any CPU
	EndGlobalSection
	GlobalSection(ProjectConfigurationPlatforms) = postSolution
		{5BD20447-ACB8-452D-B939-74DCC014DCEA}.Debug|Any CPU.ActiveCfg = Debug|Any CPU
		{5BD20447-ACB8-452D-B939-74DCC014DCEA}.Debug|Any CPU.Build.0 = Debug|Any CPU
		{5BD20447-ACB8-452D-B939-74DCC014DCEA}.Release|Any CPU.ActiveCfg = Release|Any CPU
		{5BD20447-ACB8-452D-B939-74DCC014DCEA}.Release|Any CPU.Build.0 = Release|Any CPU
	EndGlobalSection
	GlobalSection(SolutionProperties) = preSolution
		HideSolutionNode = FALSE
	EndGlobalSection
	GlobalSection(ExtensibilityGlobals) = postSolution
		SolutionGuid = {C34D3302-A84E-416D-991A-5985A49E3693}
	EndGlobalSection
EndGlobal
